
Microsoft Visual Studio Solution File, Format Version 12.00
# Visual Studio 15
VisualStudioVersion = 15.0.27703.2035
MinimumVisualStudioVersion = 10.0.40219.1
Project("{FAE04EC0-301F-11D3-BF4B-00C04F79EFBC}") = "MainForm", "MainForm\MainForm.csproj", "{57E7D3C1-015A-4452-943E-56E76CE3AE62}"
EndProject
Project("{FAE04EC0-301F-11D3-BF4B-00C04F79EFBC}") = "QLPhongBan", "QLPhongBan\QLPhongBan.csproj", "{A291B5A2-C654-4F44-BE0A-956C9B823B8A}"
EndProject
Project("{FAE04EC0-301F-11D3-BF4B-00C04F79EFBC}") = "QLNhanVien", "QLNhanVien\QLNhanVien.csproj", "{E0BA25EF-6628-452B-9CDB-60074CF755AA}"
EndProject
Project("{FAE04EC0-301F-11D3-BF4B-00C04F79EFBC}") = "ThietBi", "ThietBi\ThietBi.csproj", "{0197B743-6232-4517-B684-831929D4979F}"
EndProject
Global
	GlobalSection(SolutionConfigurationPlatforms) = preSolution
		Debug|Any CPU = Debug|Any CPU
		Release|Any CPU = Release|Any CPU
	EndGlobalSection
	GlobalSection(ProjectConfigurationPlatforms) = postSolution
		{57E7D3C1-015A-4452-943E-56E76CE3AE62}.Debug|Any CPU.ActiveCfg = Debug|Any CPU
		{57E7D3C1-015A-4452-943E-56E76CE3AE62}.Debug|Any CPU.Build.0 = Debug|Any CPU
		{57E7D3C1-015A-4452-943E-56E76CE3AE62}.Release|Any CPU.ActiveCfg = Release|Any CPU
		{57E7D3C1-015A-4452-943E-56E76CE3AE62}.Release|Any CPU.Build.0 = Release|Any CPU
		{A291B5A2-C654-4F44-BE0A-956C9B823B8A}.Debug|Any CPU.ActiveCfg = Debug|Any CPU
		{A291B5A2-C654-4F44-BE0A-956C9B823B8A}.Debug|Any CPU.Build.0 = Debug|Any CPU
		{A291B5A2-C654-4F44-BE0A-956C9B823B8A}.Release|Any CPU.ActiveCfg = Release|Any CPU
		{A291B5A2-C654-4F44-BE0A-956C9B823B8A}.Release|Any CPU.Build.0 = Release|Any CPU
		{E0BA25EF-6628-452B-9CDB-60074CF755AA}.Debug|Any CPU.ActiveCfg = Debug|Any CPU
		{E0BA25EF-6628-452B-9CDB-60074CF755AA}.Debug|Any CPU.Build.0 = Debug|Any CPU
		{E0BA25EF-6628-452B-9CDB-60074CF755AA}.Release|Any CPU.ActiveCfg = Release|Any CPU
		{E0BA25EF-6628-452B-9CDB-60074CF755AA}.Release|Any CPU.Build.0 = Release|Any CPU
		{0197B743-6232-4517-B684-831929D4979F}.Debug|Any CPU.ActiveCfg = Debug|Any CPU
		{0197B743-6232-4517-B684-831929D4979F}.Debug|Any CPU.Build.0 = Debug|Any CPU
		{0197B743-6232-4517-B684-831929D4979F}.Release|Any CPU.ActiveCfg = Release|Any CPU
		{0197B743-6232-4517-B684-831929D4979F}.Release|Any CPU.Build.0 = Release|Any CPU
	EndGlobalSection
	GlobalSection(SolutionProperties) = preSolution
		HideSolutionNode = FALSE
	EndGlobalSection
	GlobalSection(ExtensibilityGlobals) = postSolution
		SolutionGuid = {10E9720A-918B-464E-85A1-A5C104C05364}
	EndGlobalSection
EndGlobal
